
Microsoft Visual Studio Solution File, Format Version 12.00
# Visual Studio Version 16
VisualStudioVersion = 16.0.34114.132
MinimumVisualStudioVersion = 10.0.40219.1
Project("{FAE04EC0-301F-11D3-BF4B-00C04F79EFBC}") = "eTickets", "eTickets\eTickets.csproj", "{DFCBC5E2-A753-4A4D-A78F-8E0593960451}"
EndProject
Global
	GlobalSection(SolutionConfigurationPlatforms) = preSolution
		Debug|Any CPU = Debug|Any CPU
		Release|Any CPU = Release|Any CPU
	EndGlobalSection
	GlobalSection(ProjectConfigurationPlatforms) = postSolution
		{DFCBC5E2-A753-4A4D-A78F-8E0593960451}.Debug|Any CPU.ActiveCfg = Debug|Any CPU
		{DFCBC5E2-A753-4A4D-A78F-8E0593960451}.Debug|Any CPU.Build.0 = Debug|Any CPU
		{DFCBC5E2-A753-4A4D-A78F-8E0593960451}.Release|Any CPU.ActiveCfg = Release|Any CPU
		{DFCBC5E2-A753-4A4D-A78F-8E0593960451}.Release|Any CPU.Build.0 = Release|Any CPU
	EndGlobalSection
	GlobalSection(SolutionProperties) = preSolution
		HideSolutionNode = FALSE
	EndGlobalSection
	GlobalSection(ExtensibilityGlobals) = postSolution
		SolutionGuid = {E9F977E9-D3C2-49D0-84C1-4C1DC3E0BA91}
	EndGlobalSection
EndGlobal
